// !$*UTF8*$!
{
	archiveVersion = 1;
	classes = {
	};
	objectVersion = 48;
	objects = {

/* Begin PBXBuildFile section */
		2079D3D51F97822800DC621F /* AppDelegate.swift in Sources */ = {isa = PBXBuildFile; fileRef = 2079D3D41F97822800DC621F /* AppDelegate.swift */; };
		2079D3D71F97822800DC621F /* ViewController.swift in Sources */ = {isa = PBXBuildFile; fileRef = 2079D3D61F97822800DC621F /* ViewController.swift */; };
		2079D3DA1F97822800DC621F /* Main.storyboard in Resources */ = {isa = PBXBuildFile; fileRef = 2079D3D81F97822800DC621F /* Main.storyboard */; };
		2079D3DC1F97822800DC621F /* Assets.xcassets in Resources */ = {isa = PBXBuildFile; fileRef = 2079D3DB1F97822800DC621F /* Assets.xcassets */; };
		2079D3DF1F97822800DC621F /* LaunchScreen.storyboard in Resources */ = {isa = PBXBuildFile; fileRef = 2079D3DD1F97822800DC621F /* LaunchScreen.storyboard */; };
		2079D3EA1F97822800DC621F /* CITestTests.swift in Sources */ = {isa = PBXBuildFile; fileRef = 2079D3E91F97822800DC621F /* CITestTests.swift */; };
		2079D3F51F97822800DC621F /* CITestUITests.swift in Sources */ = {isa = PBXBuildFile; fileRef = 2079D3F41F97822800DC621F /* CITestUITests.swift */; };
/* End PBXBuildFile section */

/* Begin PBXContainerItemProxy section */
		2079D3E61F97822800DC621F /* PBXContainerItemProxy */ = {
			isa = PBXContainerItemProxy;
			containerPortal = 2079D3C91F97822800DC621F /* Project object */;
			proxyType = 1;
			remoteGlobalIDString = 2079D3D01F97822800DC621F;
			remoteInfo = CITest;
		};
		2079D3F11F97822800DC621F /* PBXContainerItemProxy */ = {
			isa = PBXContainerItemProxy;
			containerPortal = 2079D3C91F97822800DC621F /* Project object */;
			proxyType = 1;
			remoteGlobalIDString = 2079D3D01F97822800DC621F;
			remoteInfo = CITest;
		};
/* End PBXContainerItemProxy section */

/* Begin PBXFileReference section */
		2079D3D11F97822800DC621F /* CITest.app */ = {isa = PBXFileReference; explicitFileType = wrapper.application; includeInIndex = 0; path = CITest.app; sourceTree = BUILT_PRODUCTS_DIR; };
		2079D3D41F97822800DC621F /* AppDelegate.swift */ = {isa = PBXFileReference; lastKnownFileType = sourcecode.swift; path = AppDelegate.swift; sourceTree = "<group>"; };
		2079D3D61F97822800DC621F /* ViewController.swift */ = {isa = PBXFileReference; lastKnownFileType = sourcecode.swift; path = ViewController.swift; sourceTree = "<group>"; };
		2079D3D91F97822800DC621F /* Base */ = {isa = PBXFileReference; lastKnownFileType = file.storyboard; name = Base; path = Base.lproj/Main.storyboard; sourceTree = "<group>"; };
		2079D3DB1F97822800DC621F /* Assets.xcassets */ = {isa = PBXFileReference; lastKnownFileType = folder.assetcatalog; path = Assets.xcassets; sourceTree = "<group>"; };
		2079D3DE1F97822800DC621F /* Base */ = {isa = PBXFileReference; lastKnownFileType = file.storyboard; name = Base; path = Base.lproj/LaunchScreen.storyboard; sourceTree = "<group>"; };
		2079D3E01F97822800DC621F /* Info.plist */ = {isa = PBXFileReference; lastKnownFileType = text.plist.xml; path = Info.plist; sourceTree = "<group>"; };
		2079D3E51F97822800DC621F /* CITestTests.xctest */ = {isa = PBXFileReference; explicitFileType = wrapper.cfbundle; includeInIndex = 0; path = CITestTests.xctest; sourceTree = BUILT_PRODUCTS_DIR; };
		2079D3E91F97822800DC621F /* CITestTests.swift */ = {isa = PBXFileReference; lastKnownFileType = sourcecode.swift; path = CITestTests.swift; sourceTree = "<group>"; };
		2079D3EB1F97822800DC621F /* Info.plist */ = {isa = PBXFileReference; lastKnownFileType = text.plist.xml; path = Info.plist; sourceTree = "<group>"; };
		2079D3F01F97822800DC621F /* CITestUITests.xctest */ = {isa = PBXFileReference; explicitFileType = wrapper.cfbundle; includeInIndex = 0; path = CITestUITests.xctest; sourceTree = BUILT_PRODUCTS_DIR; };
		2079D3F41F97822800DC621F /* CITestUITests.swift */ = {isa = PBXFileReference; lastKnownFileType = sourcecode.swift; path = CITestUITests.swift; sourceTree = "<group>"; };
		2079D3F61F97822800DC621F /* Info.plist */ = {isa = PBXFileReference; lastKnownFileType = text.plist.xml; path = Info.plist; sourceTree = "<group>"; };
/* End PBXFileReference section */

/* Begin PBXFrameworksBuildPhase section */
		2079D3CE1F97822800DC621F /* Frameworks */ = {
			isa = PBXFrameworksBuildPhase;
			buildActionMask = 2147483647;
			files = (
			);
			runOnlyForDeploymentPostprocessing = 0;
		};
		2079D3E21F97822800DC621F /* Frameworks */ = {
			isa = PBXFrameworksBuildPhase;
			buildActionMask = 2147483647;
			files = (
			);
			runOnlyForDeploymentPostprocessing = 0;
		};
		2079D3ED1F97822800DC621F /* Frameworks */ = {
			isa = PBXFrameworksBuildPhase;
			buildActionMask = 2147483647;
			files = (
			);
			runOnlyForDeploymentPostprocessing = 0;
		};
/* End PBXFrameworksBuildPhase section */

/* Begin PBXGroup section */
		2079D3C81F97822800DC621F = {
			isa = PBXGroup;
			children = (
				2079D3D31F97822800DC621F /* CITest */,
				2079D3E81F97822800DC621F /* CITestTests */,
				2079D3F31F97822800DC621F /* CITestUITests */,
				2079D3D21F97822800DC621F /* Products */,
			);
			sourceTree = "<group>";
		};
		2079D3D21F97822800DC621F /* Products */ = {
			isa = PBXGroup;
			children = (
				2079D3D11F97822800DC621F /* CITest.app */,
				2079D3E51F97822800DC621F /* CITestTests.xctest */,
				2079D3F01F97822800DC621F /* CITestUITests.xctest */,
			);
			name = Products;
			sourceTree = "<group>";
		};
		2079D3D31F97822800DC621F /* CITest */ = {
			isa = PBXGroup;
			children = (
				2079D3D41F97822800DC621F /* AppDelegate.swift */,
				2079D3D61F97822800DC621F /* ViewController.swift */,
				2079D3D81F97822800DC621F /* Main.storyboard */,
				2079D3DB1F97822800DC621F /* Assets.xcassets */,
				2079D3DD1F97822800DC621F /* LaunchScreen.storyboard */,
				2079D3E01F97822800DC621F /* Info.plist */,
			);
			path = CITest;
			sourceTree = "<group>";
		};
		2079D3E81F97822800DC621F /* CITestTests */ = {
			isa = PBXGroup;
			children = (
				2079D3E91F97822800DC621F /* CITestTests.swift */,
				2079D3EB1F97822800DC621F /* Info.plist */,
			);
			path = CITestTests;
			sourceTree = "<group>";
		};
		2079D3F31F97822800DC621F /* CITestUITests */ = {
			isa = PBXGroup;
			children = (
				2079D3F41F97822800DC621F /* CITestUITests.swift */,
				2079D3F61F97822800DC621F /* Info.plist */,
			);
			path = CITestUITests;
			sourceTree = "<group>";
		};
/* End PBXGroup section */

/* Begin PBXNativeTarget section */
		2079D3D01F97822800DC621F /* CITest */ = {
			isa = PBXNativeTarget;
			buildConfigurationList = 2079D3F91F97822800DC621F /* Build configuration list for PBXNativeTarget "CITest" */;
			buildPhases = (
				2079D3CD1F97822800DC621F /* Sources */,
				2079D3CE1F97822800DC621F /* Frameworks */,
				2079D3CF1F97822800DC621F /* Resources */,
			);
			buildRules = (
			);
			dependencies = (
			);
			name = CITest;
			productName = CITest;
			productReference = 2079D3D11F97822800DC621F /* CITest.app */;
			productType = "com.apple.product-type.application";
		};
		2079D3E41F97822800DC621F /* CITestTests */ = {
			isa = PBXNativeTarget;
			buildConfigurationList = 2079D3FC1F97822800DC621F /* Build configuration list for PBXNativeTarget "CITestTests" */;
			buildPhases = (
				2079D3E11F97822800DC621F /* Sources */,
				2079D3E21F97822800DC621F /* Frameworks */,
				2079D3E31F97822800DC621F /* Resources */,
			);
			buildRules = (
			);
			dependencies = (
				2079D3E71F97822800DC621F /* PBXTargetDependency */,
			);
			name = CITestTests;
			productName = CITestTests;
			productReference = 2079D3E51F97822800DC621F /* CITestTests.xctest */;
			productType = "com.apple.product-type.bundle.unit-test";
		};
		2079D3EF1F97822800DC621F /* CITestUITests */ = {
			isa = PBXNativeTarget;
			buildConfigurationList = 2079D3FF1F97822800DC621F /* Build configuration list for PBXNativeTarget "CITestUITests" */;
			buildPhases = (
				2079D3EC1F97822800DC621F /* Sources */,
				2079D3ED1F97822800DC621F /* Frameworks */,
				2079D3EE1F97822800DC621F /* Resources */,
			);
			buildRules = (
			);
			dependencies = (
				2079D3F21F97822800DC621F /* PBXTargetDependency */,
			);
			name = CITestUITests;
			productName = CITestUITests;
			productReference = 2079D3F01F97822800DC621F /* CITestUITests.xctest */;
			productType = "com.apple.product-type.bundle.ui-testing";
		};
/* End PBXNativeTarget section */

/* Begin PBXProject section */
		2079D3C91F97822800DC621F /* Project object */ = {
			isa = PBXProject;
			attributes = {
				LastSwiftUpdateCheck = 0900;
				LastUpgradeCheck = 0900;
				ORGANIZATIONNAME = TechMagic;
				TargetAttributes = {
					2079D3D01F97822800DC621F = {
						CreatedOnToolsVersion = 9.0;
						ProvisioningStyle = Automatic;
					};
					2079D3E41F97822800DC621F = {
						CreatedOnToolsVersion = 9.0;
						ProvisioningStyle = Automatic;
						TestTargetID = 2079D3D01F97822800DC621F;
					};
					2079D3EF1F97822800DC621F = {
						CreatedOnToolsVersion = 9.0;
						ProvisioningStyle = Automatic;
						TestTargetID = 2079D3D01F97822800DC621F;
					};
				};
			};
			buildConfigurationList = 2079D3CC1F97822800DC621F /* Build configuration list for PBXProject "CITest" */;
			compatibilityVersion = "Xcode 8.0";
			developmentRegion = en;
			hasScannedForEncodings = 0;
			knownRegions = (
				en,
				Base,
			);
			mainGroup = 2079D3C81F97822800DC621F;
			productRefGroup = 2079D3D21F97822800DC621F /* Products */;
			projectDirPath = "";
			projectRoot = "";
			targets = (
				2079D3D01F97822800DC621F /* CITest */,
				2079D3E41F97822800DC621F /* CITestTests */,
				2079D3EF1F97822800DC621F /* CITestUITests */,
			);
		};
/* End PBXProject section */

/* Begin PBXResourcesBuildPhase section */
		2079D3CF1F97822800DC621F /* Resources */ = {
			isa = PBXResourcesBuildPhase;
			buildActionMask = 2147483647;
			files = (
				2079D3DF1F97822800DC621F /* LaunchScreen.storyboard in Resources */,
				2079D3DC1F97822800DC621F /* Assets.xcassets in Resources */,
				2079D3DA1F97822800DC621F /* Main.storyboard in Resources */,
			);
			runOnlyForDeploymentPostprocessing = 0;
		};
		2079D3E31F97822800DC621F /* Resources */ = {
			isa = PBXResourcesBuildPhase;
			buildActionMask = 2147483647;
			files = (
			);
			runOnlyForDeploymentPostprocessing = 0;
		};
		2079D3EE1F97822800DC621F /* Resources */ = {
			isa = PBXResourcesBuildPhase;
			buildActionMask = 2147483647;
			files = (
			);
			runOnlyForDeploymentPostprocessing = 0;
		};
/* End PBXResourcesBuildPhase section */

/* Begin PBXSourcesBuildPhase section */
		2079D3CD1F97822800DC621F /* Sources */ = {
			isa = PBXSourcesBuildPhase;
			buildActionMask = 2147483647;
			files = (
				2079D3D71F97822800DC621F /* ViewController.swift in Sources */,
				2079D3D51F97822800DC621F /* AppDelegate.swift in Sources */,
			);
			runOnlyForDeploymentPostprocessing = 0;
		};
		2079D3E11F97822800DC621F /* Sources */ = {
			isa = PBXSourcesBuildPhase;
			buildActionMask = 2147483647;
			files = (
				2079D3EA1F97822800DC621F /* CITestTests.swift in Sources */,
			);
			runOnlyForDeploymentPostprocessing = 0;
		};
		2079D3EC1F97822800DC621F /* Sources */ = {
			isa = PBXSourcesBuildPhase;
			buildActionMask = 2147483647;
			files = (
				2079D3F51F97822800DC621F /* CITestUITests.swift in Sources */,
			);
			runOnlyForDeploymentPostprocessing = 0;
		};
/* End PBXSourcesBuildPhase section */

/* Begin PBXTargetDependency section */
		2079D3E71F97822800DC621F /* PBXTargetDependency */ = {
			isa = PBXTargetDependency;
			target = 2079D3D01F97822800DC621F /* CITest */;
			targetProxy = 2079D3E61F97822800DC621F /* PBXContainerItemProxy */;
		};
		2079D3F21F97822800DC621F /* PBXTargetDependency */ = {
			isa = PBXTargetDependency;
			target = 2079D3D01F97822800DC621F /* CITest */;
			targetProxy = 2079D3F11F97822800DC621F /* PBXContainerItemProxy */;
		};
/* End PBXTargetDependency section */

/* Begin PBXVariantGroup section */
		2079D3D81F97822800DC621F /* Main.storyboard */ = {
			isa = PBXVariantGroup;
			children = (
				2079D3D91F97822800DC621F /* Base */,
			);
			name = Main.storyboard;
			sourceTree = "<group>";
		};
		2079D3DD1F97822800DC621F /* LaunchScreen.storyboard */ = {
			isa = PBXVariantGroup;
			children = (
				2079D3DE1F97822800DC621F /* Base */,
			);
			name = LaunchScreen.storyboard;
			sourceTree = "<group>";
		};
/* End PBXVariantGroup section */

/* Begin XCBuildConfiguration section */
		2079D3F71F97822800DC621F /* Debug */ = {
			isa = XCBuildConfiguration;
			buildSettings = {
				ALWAYS_SEARCH_USER_PATHS = NO;
				CLANG_ANALYZER_NONNULL = YES;
				CLANG_ANALYZER_NUMBER_OBJECT_CONVERSION = YES_AGGRESSIVE;
				CLANG_CXX_LANGUAGE_STANDARD = "gnu++14";
				CLANG_CXX_LIBRARY = "libc++";
				CLANG_ENABLE_MODULES = YES;
				CLANG_ENABLE_OBJC_ARC = YES;
				CLANG_WARN_BLOCK_CAPTURE_AUTORELEASING = YES;
				CLANG_WARN_BOOL_CONVERSION = YES;
				CLANG_WARN_COMMA = YES;
				CLANG_WARN_CONSTANT_CONVERSION = YES;
				CLANG_WARN_DIRECT_OBJC_ISA_USAGE = YES_ERROR;
				CLANG_WARN_DOCUMENTATION_COMMENTS = YES;
				CLANG_WARN_EMPTY_BODY = YES;
				CLANG_WARN_ENUM_CONVERSION = YES;
				CLANG_WARN_INFINITE_RECURSION = YES;
				CLANG_WARN_INT_CONVERSION = YES;
				CLANG_WARN_NON_LITERAL_NULL_CONVERSION = YES;
				CLANG_WARN_OBJC_LITERAL_CONVERSION = YES;
				CLANG_WARN_OBJC_ROOT_CLASS = YES_ERROR;
				CLANG_WARN_RANGE_LOOP_ANALYSIS = YES;
				CLANG_WARN_STRICT_PROTOTYPES = YES;
				CLANG_WARN_SUSPICIOUS_MOVE = YES;
				CLANG_WARN_UNGUARDED_AVAILABILITY = YES_AGGRESSIVE;
				CLANG_WARN_UNREACHABLE_CODE = YES;
				CLANG_WARN__DUPLICATE_METHOD_MATCH = YES;
				CODE_SIGN_IDENTITY = "iPhone Developer";
				COPY_PHASE_STRIP = NO;
				DEBUG_INFORMATION_FORMAT = dwarf;
				ENABLE_STRICT_OBJC_MSGSEND = YES;
				ENABLE_TESTABILITY = YES;
				GCC_C_LANGUAGE_STANDARD = gnu11;
				GCC_DYNAMIC_NO_PIC = NO;
				GCC_NO_COMMON_BLOCKS = YES;
				GCC_OPTIMIZATION_LEVEL = 0;
				GCC_PREPROCESSOR_DEFINITIONS = (
					"DEBUG=1",
					"$(inherited)",
				);
				GCC_WARN_64_TO_32_BIT_CONVERSION = YES;
				GCC_WARN_ABOUT_RETURN_TYPE = YES_ERROR;
				GCC_WARN_UNDECLARED_SELECTOR = YES;
				GCC_WARN_UNINITIALIZED_AUTOS = YES_AGGRESSIVE;
				GCC_WARN_UNUSED_FUNCTION = YES;
				GCC_WARN_UNUSED_VARIABLE = YES;
				IPHONEOS_DEPLOYMENT_TARGET = 11.0;
				MTL_ENABLE_DEBUG_INFO = YES;
				ONLY_ACTIVE_ARCH = YES;
				SDKROOT = iphoneos;
				SWIFT_ACTIVE_COMPILATION_CONDITIONS = DEBUG;
				SWIFT_OPTIMIZATION_LEVEL = "-Onone";
			};
			name = Debug;
		};
		2079D3F81F97822800DC621F /* Release */ = {
			isa = XCBuildConfiguration;
			buildSettings = {
				ALWAYS_SEARCH_USER_PATHS = NO;
				CLANG_ANALYZER_NONNULL = YES;
				CLANG_ANALYZER_NUMBER_OBJECT_CONVERSION = YES_AGGRESSIVE;
				CLANG_CXX_LANGUAGE_STANDARD = "gnu++14";
				CLANG_CXX_LIBRARY = "libc++";
				CLANG_ENABLE_MODULES = YES;
				CLANG_ENABLE_OBJC_ARC = YES;
				CLANG_WARN_BLOCK_CAPTURE_AUTORELEASING = YES;
				CLANG_WARN_BOOL_CONVERSION = YES;
				CLANG_WARN_COMMA = YES;
				CLANG_WARN_CONSTANT_CONVERSION = YES;
				CLANG_WARN_DIRECT_OBJC_ISA_USAGE = YES_ERROR;
				CLANG_WARN_DOCUMENTATION_COMMENTS = YES;
				CLANG_WARN_EMPTY_BODY = YES;
				CLANG_WARN_ENUM_CONVERSION = YES;
				CLANG_WARN_INFINITE_RECURSION = YES;
				CLANG_WARN_INT_CONVERSION = YES;
				CLANG_WARN_NON_LITERAL_NULL_CONVERSION = YES;
				CLANG_WARN_OBJC_LITERAL_CONVERSION = YES;
				CLANG_WARN_OBJC_ROOT_CLASS = YES_ERROR;
				CLANG_WARN_RANGE_LOOP_ANALYSIS = YES;
				CLANG_WARN_STRICT_PROTOTYPES = YES;
				CLANG_WARN_SUSPICIOUS_MOVE = YES;
				CLANG_WARN_UNGUARDED_AVAILABILITY = YES_AGGRESSIVE;
				CLANG_WARN_UNREACHABLE_CODE = YES;
				CLANG_WARN__DUPLICATE_METHOD_MATCH = YES;
				CODE_SIGN_IDENTITY = "iPhone Developer";
				COPY_PHASE_STRIP = NO;
				DEBUG_INFORMATION_FORMAT = "dwarf-with-dsym";
				ENABLE_NS_ASSERTIONS = NO;
				ENABLE_STRICT_OBJC_MSGSEND = YES;
				GCC_C_LANGUAGE_STANDARD = gnu11;
				GCC_NO_COMMON_BLOCKS = YES;
				GCC_WARN_64_TO_32_BIT_CONVERSION = YES;
				GCC_WARN_ABOUT_RETURN_TYPE = YES_ERROR;
				GCC_WARN_UNDECLARED_SELECTOR = YES;
				GCC_WARN_UNINITIALIZED_AUTOS = YES_AGGRESSIVE;
				GCC_WARN_UNUSED_FUNCTION = YES;
				GCC_WARN_UNUSED_VARIABLE = YES;
				IPHONEOS_DEPLOYMENT_TARGET = 11.0;
				MTL_ENABLE_DEBUG_INFO = NO;
				SDKROOT = iphoneos;
				SWIFT_OPTIMIZATION_LEVEL = "-Owholemodule";
				VALIDATE_PRODUCT = YES;
			};
			name = Release;
		};
		2079D3FA1F97822800DC621F /* Debug */ = {
			isa = XCBuildConfiguration;
			buildSettings = {
				ASSETCATALOG_COMPILER_APPICON_NAME = AppIcon;
				CODE_SIGN_STYLE = Automatic;
				DEVELOPMENT_TEAM = 4D3PQ2KJ43;
				INFOPLIST_FILE = CITest/Info.plist;
				LD_RUNPATH_SEARCH_PATHS = "$(inherited) @executable_path/Frameworks";
				PRODUCT_BUNDLE_IDENTIFIER = co.techmagic.CITest;
				PRODUCT_NAME = "$(TARGET_NAME)";
				SWIFT_VERSION = 4.0;
				TARGETED_DEVICE_FAMILY = "1,2";
			};
			name = Debug;
		};
		2079D3FB1F97822800DC621F /* Release */ = {
			isa = XCBuildConfiguration;
			buildSettings = {
				ASSETCATALOG_COMPILER_APPICON_NAME = AppIcon;
				CODE_SIGN_STYLE = Automatic;
				DEVELOPMENT_TEAM = 4D3PQ2KJ43;
				INFOPLIST_FILE = CITest/Info.plist;
				LD_RUNPATH_SEARCH_PATHS = "$(inherited) @executable_path/Frameworks";
				PRODUCT_BUNDLE_IDENTIFIER = co.techmagic.CITest;
				PRODUCT_NAME = "$(TARGET_NAME)";
				SWIFT_VERSION = 4.0;
				TARGETED_DEVICE_FAMILY = "1,2";
			};
			name = Release;
		};
		2079D3FD1F97822800DC621F /* Debug */ = {
			isa = XCBuildConfiguration;
			buildSettings = {
				ALWAYS_EMBED_SWIFT_STANDARD_LIBRARIES = YES;
				BUNDLE_LOADER = "$(TEST_HOST)";
				CODE_SIGN_STYLE = Automatic;
				DEVELOPMENT_TEAM = 4D3PQ2KJ43;
				INFOPLIST_FILE = CITestTests/Info.plist;
				LD_RUNPATH_SEARCH_PATHS = "$(inherited) @executable_path/Frameworks @loader_path/Frameworks";
				PRODUCT_BUNDLE_IDENTIFIER = co.techmagic.CITestTests;
				PRODUCT_NAME = "$(TARGET_NAME)";
				SWIFT_VERSION = 4.0;
				TARGETED_DEVICE_FAMILY = "1,2";
				TEST_HOST = "$(BUILT_PRODUCTS_DIR)/CITest.app/CITest";
			};
			name = Debug;
		};
		2079D3FE1F97822800DC621F /* Release */ = {
			isa = XCBuildConfiguration;
			buildSettings = {
				ALWAYS_EMBED_SWIFT_STANDARD_LIBRARIES = YES;
				BUNDLE_LOADER = "$(TEST_HOST)";
				CODE_SIGN_STYLE = Automatic;
				DEVELOPMENT_TEAM = 4D3PQ2KJ43;
				INFOPLIST_FILE = CITestTests/Info.plist;
				LD_RUNPATH_SEARCH_PATHS = "$(inherited) @executable_path/Frameworks @loader_path/Frameworks";
				PRODUCT_BUNDLE_IDENTIFIER = co.techmagic.CITestTests;
				PRODUCT_NAME = "$(TARGET_NAME)";
				SWIFT_VERSION = 4.0;
				TARGETED_DEVICE_FAMILY = "1,2";
				TEST_HOST = "$(BUILT_PRODUCTS_DIR)/CITest.app/CITest";
			};
			name = Release;
		};
		2079D4001F97822800DC621F /* Debug */ = {
			isa = XCBuildConfiguration;
			buildSettings = {
				ALWAYS_EMBED_SWIFT_STANDARD_LIBRARIES = YES;
				CODE_SIGN_STYLE = Automatic;
				DEVELOPMENT_TEAM = 4D3PQ2KJ43;
				INFOPLIST_FILE = CITestUITests/Info.plist;
				LD_RUNPATH_SEARCH_PATHS = "$(inherited) @executable_path/Frameworks @loader_path/Frameworks";
				PRODUCT_BUNDLE_IDENTIFIER = co.techmagic.CITestUITests;
				PRODUCT_NAME = "$(TARGET_NAME)";
				SWIFT_VERSION = 4.0;
				TARGETED_DEVICE_FAMILY = "1,2";
				TEST_TARGET_NAME = CITest;
			};
			name = Debug;
		};
		2079D4011F97822800DC621F /* Release */ = {
			isa = XCBuildConfiguration;
			buildSettings = {
				ALWAYS_EMBED_SWIFT_STANDARD_LIBRARIES = YES;
				CODE_SIGN_STYLE = Automatic;
				DEVELOPMENT_TEAM = 4D3PQ2KJ43;
				INFOPLIST_FILE = CITestUITests/Info.plist;
				LD_RUNPATH_SEARCH_PATHS = "$(inherited) @executable_path/Frameworks @loader_path/Frameworks";
				PRODUCT_BUNDLE_IDENTIFIER = co.techmagic.CITestUITests;
				PRODUCT_NAME = "$(TARGET_NAME)";
				SWIFT_VERSION = 4.0;
				TARGETED_DEVICE_FAMILY = "1,2";
				TEST_TARGET_NAME = CITest;
			};
			name = Release;
		};
/* End XCBuildConfiguration section */

/* Begin XCConfigurationList section */
		2079D3CC1F97822800DC621F /* Build configuration list for PBXProject "CITest" */ = {
			isa = XCConfigurationList;
			buildConfigurations = (
				2079D3F71F97822800DC621F /* Debug */,
				2079D3F81F97822800DC621F /* Release */,
			);
			defaultConfigurationIsVisible = 0;
			defaultConfigurationName = Release;
		};
		2079D3F91F97822800DC621F /* Build configuration list for PBXNativeTarget "CITest" */ = {
			isa = XCConfigurationList;
			buildConfigurations = (
				2079D3FA1F97822800DC621F /* Debug */,
				2079D3FB1F97822800DC621F /* Release */,
			);
			defaultConfigurationIsVisible = 0;
			defaultConfigurationName = Release;
		};
		2079D3FC1F97822800DC621F /* Build configuration list for PBXNativeTarget "CITestTests" */ = {
			isa = XCConfigurationList;
			buildConfigurations = (
				2079D3FD1F97822800DC621F /* Debug */,
				2079D3FE1F97822800DC621F /* Release */,
			);
			defaultConfigurationIsVisible = 0;
			defaultConfigurationName = Release;
		};
		2079D3FF1F97822800DC621F /* Build configuration list for PBXNativeTarget "CITestUITests" */ = {
			isa = XCConfigurationList;
			buildConfigurations = (
				2079D4001F97822800DC621F /* Debug */,
				2079D4011F97822800DC621F /* Release */,
			);
			defaultConfigurationIsVisible = 0;
			defaultConfigurationName = Release;
		};
/* End XCConfigurationList section */
	};
	rootObject = 2079D3C91F97822800DC621F /* Project object */;
}
